
Microsoft Visual Studio Solution File, Format Version 12.00
# Visual Studio Version 17
VisualStudioVersion = 17.9.34607.119
MinimumVisualStudioVersion = 10.0.40219.1
Project("{FAE04EC0-301F-11D3-BF4B-00C04F79EFBC}") = "intern", "intern\intern.csproj", "{A6034EB4-44D4-42B3-B03F-3D7C4D6ABA4A}"
EndProject
Global
	GlobalSection(SolutionConfigurationPlatforms) = preSolution
		Debug|Any CPU = Debug|Any CPU
		Release|Any CPU = Release|Any CPU
	EndGlobalSection
	GlobalSection(ProjectConfigurationPlatforms) = postSolution
		{A6034EB4-44D4-42B3-B03F-3D7C4D6ABA4A}.Debug|Any CPU.ActiveCfg = Debug|Any CPU
		{A6034EB4-44D4-42B3-B03F-3D7C4D6ABA4A}.Debug|Any CPU.Build.0 = Debug|Any CPU
		{A6034EB4-44D4-42B3-B03F-3D7C4D6ABA4A}.Release|Any CPU.ActiveCfg = Release|Any CPU
		{A6034EB4-44D4-42B3-B03F-3D7C4D6ABA4A}.Release|Any CPU.Build.0 = Release|Any CPU
	EndGlobalSection
	GlobalSection(SolutionProperties) = preSolution
		HideSolutionNode = FALSE
	EndGlobalSection
	GlobalSection(ExtensibilityGlobals) = postSolution
		SolutionGuid = {597C2E18-09D6-4EAF-BB75-392370641032}
	EndGlobalSection
EndGlobal
